// !$*UTF8*$!
{
	archiveVersion = 1;
	classes = {
	};
	objectVersion = 46;
	objects = {

/* Begin PBXBuildFile section */
		227DC529563D2DF5E34A2E11 /* libPods-GitDemo.a in Frameworks */ = {isa = PBXBuildFile; fileRef = 6212831F387B68D357D948B9 /* libPods-GitDemo.a */; };
		F05E4BAC1ED2CC7D003BE0C4 /* main.m in Sources */ = {isa = PBXBuildFile; fileRef = F05E4BAB1ED2CC7D003BE0C4 /* main.m */; };
		F05E4BB21ED2CC7D003BE0C4 /* ViewController.m in Sources */ = {isa = PBXBuildFile; fileRef = F05E4BB11ED2CC7D003BE0C4 /* ViewController.m */; };
		F05E4BB51ED2CC7D003BE0C4 /* Main.storyboard in Resources */ = {isa = PBXBuildFile; fileRef = F05E4BB31ED2CC7D003BE0C4 /* Main.storyboard */; };
		F05E4BB71ED2CC7D003BE0C4 /* Assets.xcassets in Resources */ = {isa = PBXBuildFile; fileRef = F05E4BB61ED2CC7D003BE0C4 /* Assets.xcassets */; };
		F05E4BBA1ED2CC7D003BE0C4 /* LaunchScreen.storyboard in Resources */ = {isa = PBXBuildFile; fileRef = F05E4BB81ED2CC7D003BE0C4 /* LaunchScreen.storyboard */; };
		F05E4BC51ED2CC7D003BE0C4 /* GitDemoTests.m in Sources */ = {isa = PBXBuildFile; fileRef = F05E4BC41ED2CC7D003BE0C4 /* GitDemoTests.m */; };
		F05E4BD01ED2CC7D003BE0C4 /* GitDemoUITests.m in Sources */ = {isa = PBXBuildFile; fileRef = F05E4BCF1ED2CC7D003BE0C4 /* GitDemoUITests.m */; };
		F06719D71EE559A8005B0FEE /* NSDate+Category.m in Sources */ = {isa = PBXBuildFile; fileRef = F06719D41EE559A8005B0FEE /* NSDate+Category.m */; };
		F06719D81EE559A8005B0FEE /* NSDateFormatter+Category.m in Sources */ = {isa = PBXBuildFile; fileRef = F06719D61EE559A8005B0FEE /* NSDateFormatter+Category.m */; };
		F06719DB1EE559B8005B0FEE /* NSString+Valid.m in Sources */ = {isa = PBXBuildFile; fileRef = F06719DA1EE559B8005B0FEE /* NSString+Valid.m */; };
		F06719E01EE559BF005B0FEE /* UIViewController+DismissKeyboard.m in Sources */ = {isa = PBXBuildFile; fileRef = F06719DD1EE559BF005B0FEE /* UIViewController+DismissKeyboard.m */; };
		F06719E11EE559BF005B0FEE /* UIViewController+HUD.m in Sources */ = {isa = PBXBuildFile; fileRef = F06719DF1EE559BF005B0FEE /* UIViewController+HUD.m */; };
		F06719E41EE559D9005B0FEE /* DateUtils.m in Sources */ = {isa = PBXBuildFile; fileRef = F06719E31EE559D9005B0FEE /* DateUtils.m */; };
		F06719EC1EE55AC5005B0FEE /* MomentsManager.m in Sources */ = {isa = PBXBuildFile; fileRef = F06719EB1EE55AC5005B0FEE /* MomentsManager.m */; };
		F06719F01EE55C65005B0FEE /* NetworkAPIRecorder.m in Sources */ = {isa = PBXBuildFile; fileRef = F06719EF1EE55C65005B0FEE /* NetworkAPIRecorder.m */; };
		F075917A1EE44851001A7983 /* AppManager.m in Sources */ = {isa = PBXBuildFile; fileRef = F07591791EE44851001A7983 /* AppManager.m */; };
		F075917D1EE44865001A7983 /* UserInfo.m in Sources */ = {isa = PBXBuildFile; fileRef = F075917C1EE44865001A7983 /* UserInfo.m */; };
		F07591801EE44878001A7983 /* UserManager.m in Sources */ = {isa = PBXBuildFile; fileRef = F075917F1EE44878001A7983 /* UserManager.m */; };
		F075918D1EE44DAC001A7983 /* NetworkCache.m in Sources */ = {isa = PBXBuildFile; fileRef = F07591881EE44DAC001A7983 /* NetworkCache.m */; };
		F075918E1EE44DAC001A7983 /* NetworkHelper.m in Sources */ = {isa = PBXBuildFile; fileRef = F075918A1EE44DAC001A7983 /* NetworkHelper.m */; };
		F07591951EE44EE6001A7983 /* AppDelegate.m in Sources */ = {isa = PBXBuildFile; fileRef = F07591941EE44EE6001A7983 /* AppDelegate.m */; };
		F075919F1EE4509B001A7983 /* AppDelegate+AppService.m in Sources */ = {isa = PBXBuildFile; fileRef = F075919E1EE4509B001A7983 /* AppDelegate+AppService.m */; };
		F07591C81EE454A1001A7983 /* UIColor+Change.m in Sources */ = {isa = PBXBuildFile; fileRef = F07591C41EE454A1001A7983 /* UIColor+Change.m */; };
		F07591C91EE454A1001A7983 /* UIWebView+JavaScript.m in Sources */ = {isa = PBXBuildFile; fileRef = F07591C61EE454A1001A7983 /* UIWebView+JavaScript.m */; };
/* End PBXBuildFile section */

/* Begin PBXContainerItemProxy section */
		F05E4BC11ED2CC7D003BE0C4 /* PBXContainerItemProxy */ = {
			isa = PBXContainerItemProxy;
			containerPortal = F05E4B9F1ED2CC7D003BE0C4 /* Project object */;
			proxyType = 1;
			remoteGlobalIDString = F05E4BA61ED2CC7D003BE0C4;
			remoteInfo = GitDemo;
		};
		F05E4BCC1ED2CC7D003BE0C4 /* PBXContainerItemProxy */ = {
			isa = PBXContainerItemProxy;
			containerPortal = F05E4B9F1ED2CC7D003BE0C4 /* Project object */;
			proxyType = 1;
			remoteGlobalIDString = F05E4BA61ED2CC7D003BE0C4;
			remoteInfo = GitDemo;
		};
/* End PBXContainerItemProxy section */

/* Begin PBXFileReference section */
		6212831F387B68D357D948B9 /* libPods-GitDemo.a */ = {isa = PBXFileReference; explicitFileType = archive.ar; includeInIndex = 0; path = "libPods-GitDemo.a"; sourceTree = BUILT_PRODUCTS_DIR; };
		6FC7CA97D2FAAE4C5629970B /* Pods-GitDemo.release.xcconfig */ = {isa = PBXFileReference; includeInIndex = 1; lastKnownFileType = text.xcconfig; name = "Pods-GitDemo.release.xcconfig"; path = "Pods/Target Support Files/Pods-GitDemo/Pods-GitDemo.release.xcconfig"; sourceTree = "<group>"; };
		B8824494A03C71BA2D38258A /* Pods-GitDemo.debug.xcconfig */ = {isa = PBXFileReference; includeInIndex = 1; lastKnownFileType = text.xcconfig; name = "Pods-GitDemo.debug.xcconfig"; path = "Pods/Target Support Files/Pods-GitDemo/Pods-GitDemo.debug.xcconfig"; sourceTree = "<group>"; };
		F05E4BA71ED2CC7D003BE0C4 /* GitDemo.app */ = {isa = PBXFileReference; explicitFileType = wrapper.application; includeInIndex = 0; path = GitDemo.app; sourceTree = BUILT_PRODUCTS_DIR; };
		F05E4BAB1ED2CC7D003BE0C4 /* main.m */ = {isa = PBXFileReference; lastKnownFileType = sourcecode.c.objc; path = main.m; sourceTree = "<group>"; };
		F05E4BB01ED2CC7D003BE0C4 /* ViewController.h */ = {isa = PBXFileReference; lastKnownFileType = sourcecode.c.h; path = ViewController.h; sourceTree = "<group>"; };
		F05E4BB11ED2CC7D003BE0C4 /* ViewController.m */ = {isa = PBXFileReference; lastKnownFileType = sourcecode.c.objc; path = ViewController.m; sourceTree = "<group>"; };
		F05E4BB41ED2CC7D003BE0C4 /* Base */ = {isa = PBXFileReference; lastKnownFileType = file.storyboard; name = Base; path = Base.lproj/Main.storyboard; sourceTree = "<group>"; };
		F05E4BB61ED2CC7D003BE0C4 /* Assets.xcassets */ = {isa = PBXFileReference; lastKnownFileType = folder.assetcatalog; path = Assets.xcassets; sourceTree = "<group>"; };
		F05E4BB91ED2CC7D003BE0C4 /* Base */ = {isa = PBXFileReference; lastKnownFileType = file.storyboard; name = Base; path = Base.lproj/LaunchScreen.storyboard; sourceTree = "<group>"; };
		F05E4BBB1ED2CC7D003BE0C4 /* Info.plist */ = {isa = PBXFileReference; lastKnownFileType = text.plist.xml; path = Info.plist; sourceTree = "<group>"; };
		F05E4BC01ED2CC7D003BE0C4 /* GitDemoTests.xctest */ = {isa = PBXFileReference; explicitFileType = wrapper.cfbundle; includeInIndex = 0; path = GitDemoTests.xctest; sourceTree = BUILT_PRODUCTS_DIR; };
		F05E4BC41ED2CC7D003BE0C4 /* GitDemoTests.m */ = {isa = PBXFileReference; lastKnownFileType = sourcecode.c.objc; path = GitDemoTests.m; sourceTree = "<group>"; };
		F05E4BC61ED2CC7D003BE0C4 /* Info.plist */ = {isa = PBXFileReference; lastKnownFileType = text.plist.xml; path = Info.plist; sourceTree = "<group>"; };
		F05E4BCB1ED2CC7D003BE0C4 /* GitDemoUITests.xctest */ = {isa = PBXFileReference; explicitFileType = wrapper.cfbundle; includeInIndex = 0; path = GitDemoUITests.xctest; sourceTree = BUILT_PRODUCTS_DIR; };
		F05E4BCF1ED2CC7D003BE0C4 /* GitDemoUITests.m */ = {isa = PBXFileReference; lastKnownFileType = sourcecode.c.objc; path = GitDemoUITests.m; sourceTree = "<group>"; };
		F05E4BD11ED2CC7D003BE0C4 /* Info.plist */ = {isa = PBXFileReference; lastKnownFileType = text.plist.xml; path = Info.plist; sourceTree = "<group>"; };
		F05E4BEB1ED2DBB0003BE0C4 /* PrefixHeader.pch */ = {isa = PBXFileReference; fileEncoding = 4; lastKnownFileType = sourcecode.c.h; path = PrefixHeader.pch; sourceTree = "<group>"; };
		F05E4BEC1ED2DE0E003BE0C4 /* DefineMacro.h */ = {isa = PBXFileReference; fileEncoding = 4; lastKnownFileType = sourcecode.c.h; path = DefineMacro.h; sourceTree = "<group>"; };
		F05E4BED1ED2DEBA003BE0C4 /* DefineTheme.h */ = {isa = PBXFileReference; fileEncoding = 4; lastKnownFileType = sourcecode.c.h; path = DefineTheme.h; sourceTree = "<group>"; };
		F05E4BEE1ED2DECD003BE0C4 /* DefineRequest.h */ = {isa = PBXFileReference; fileEncoding = 4; lastKnownFileType = sourcecode.c.h; path = DefineRequest.h; sourceTree = "<group>"; };
		F06718181EE54A8C005B0FEE /* NetworkErrorMacros.h */ = {isa = PBXFileReference; lastKnownFileType = sourcecode.c.h; path = NetworkErrorMacros.h; sourceTree = "<group>"; };
		F06719D11EE55454005B0FEE /* libSDWebImage.a */ = {isa = PBXFileReference; lastKnownFileType = archive.ar; name = libSDWebImage.a; path = "../../Library/Developer/Xcode/DerivedData/GitDemo-auwdoqpyvcjvbwayipnpdlwnigkn/Build/Products/Debug-iphonesimulator/SDWebImage/libSDWebImage.a"; sourceTree = "<group>"; };
		F06719D31EE559A8005B0FEE /* NSDate+Category.h */ = {isa = PBXFileReference; fileEncoding = 4; lastKnownFileType = sourcecode.c.h; path = "NSDate+Category.h"; sourceTree = "<group>"; };
		F06719D41EE559A8005B0FEE /* NSDate+Category.m */ = {isa = PBXFileReference; fileEncoding = 4; lastKnownFileType = sourcecode.c.objc; path = "NSDate+Category.m"; sourceTree = "<group>"; };
		F06719D51EE559A8005B0FEE /* NSDateFormatter+Category.h */ = {isa = PBXFileReference; fileEncoding = 4; lastKnownFileType = sourcecode.c.h; path = "NSDateFormatter+Category.h"; sourceTree = "<group>"; };
		F06719D61EE559A8005B0FEE /* NSDateFormatter+Category.m */ = {isa = PBXFileReference; fileEncoding = 4; lastKnownFileType = sourcecode.c.objc; path = "NSDateFormatter+Category.m"; sourceTree = "<group>"; };
		F06719D91EE559B8005B0FEE /* NSString+Valid.h */ = {isa = PBXFileReference; fileEncoding = 4; lastKnownFileType = sourcecode.c.h; path = "NSString+Valid.h"; sourceTree = "<group>"; };
		F06719DA1EE559B8005B0FEE /* NSString+Valid.m */ = {isa = PBXFileReference; fileEncoding = 4; lastKnownFileType = sourcecode.c.objc; path = "NSString+Valid.m"; sourceTree = "<group>"; };
		F06719DC1EE559BF005B0FEE /* UIViewController+DismissKeyboard.h */ = {isa = PBXFileReference; fileEncoding = 4; lastKnownFileType = sourcecode.c.h; path = "UIViewController+DismissKeyboard.h"; sourceTree = "<group>"; };
		F06719DD1EE559BF005B0FEE /* UIViewController+DismissKeyboard.m */ = {isa = PBXFileReference; fileEncoding = 4; lastKnownFileType = sourcecode.c.objc; path = "UIViewController+DismissKeyboard.m"; sourceTree = "<group>"; };
		F06719DE1EE559BF005B0FEE /* UIViewController+HUD.h */ = {isa = PBXFileReference; fileEncoding = 4; lastKnownFileType = sourcecode.c.h; path = "UIViewController+HUD.h"; sourceTree = "<group>"; };
		F06719DF1EE559BF005B0FEE /* UIViewController+HUD.m */ = {isa = PBXFileReference; fileEncoding = 4; lastKnownFileType = sourcecode.c.objc; path = "UIViewController+HUD.m"; sourceTree = "<group>"; };
		F06719E21EE559D9005B0FEE /* DateUtils.h */ = {isa = PBXFileReference; fileEncoding = 4; lastKnownFileType = sourcecode.c.h; path = DateUtils.h; sourceTree = "<group>"; };
		F06719E31EE559D9005B0FEE /* DateUtils.m */ = {isa = PBXFileReference; fileEncoding = 4; lastKnownFileType = sourcecode.c.objc; path = DateUtils.m; sourceTree = "<group>"; };
		F06719EA1EE55AC5005B0FEE /* MomentsManager.h */ = {isa = PBXFileReference; fileEncoding = 4; lastKnownFileType = sourcecode.c.h; path = MomentsManager.h; sourceTree = "<group>"; };
		F06719EB1EE55AC5005B0FEE /* MomentsManager.m */ = {isa = PBXFileReference; fileEncoding = 4; lastKnownFileType = sourcecode.c.objc; path = MomentsManager.m; sourceTree = "<group>"; };
		F06719EE1EE55C65005B0FEE /* NetworkAPIRecorder.h */ = {isa = PBXFileReference; fileEncoding = 4; lastKnownFileType = sourcecode.c.h; path = NetworkAPIRecorder.h; sourceTree = "<group>"; };
		F06719EF1EE55C65005B0FEE /* NetworkAPIRecorder.m */ = {isa = PBXFileReference; fileEncoding = 4; lastKnownFileType = sourcecode.c.objc; path = NetworkAPIRecorder.m; sourceTree = "<group>"; };
		F07591781EE44851001A7983 /* AppManager.h */ = {isa = PBXFileReference; fileEncoding = 4; lastKnownFileType = sourcecode.c.h; path = AppManager.h; sourceTree = "<group>"; };
		F07591791EE44851001A7983 /* AppManager.m */ = {isa = PBXFileReference; fileEncoding = 4; lastKnownFileType = sourcecode.c.objc; path = AppManager.m; sourceTree = "<group>"; };
		F075917B1EE44865001A7983 /* UserInfo.h */ = {isa = PBXFileReference; fileEncoding = 4; lastKnownFileType = sourcecode.c.h; path = UserInfo.h; sourceTree = "<group>"; };
		F075917C1EE44865001A7983 /* UserInfo.m */ = {isa = PBXFileReference; fileEncoding = 4; lastKnownFileType = sourcecode.c.objc; path = UserInfo.m; sourceTree = "<group>"; };
		F075917E1EE44878001A7983 /* UserManager.h */ = {isa = PBXFileReference; fileEncoding = 4; lastKnownFileType = sourcecode.c.h; path = UserManager.h; sourceTree = "<group>"; };
		F075917F1EE44878001A7983 /* UserManager.m */ = {isa = PBXFileReference; fileEncoding = 4; lastKnownFileType = sourcecode.c.objc; path = UserManager.m; sourceTree = "<group>"; };
		F07591871EE44DAC001A7983 /* NetworkCache.h */ = {isa = PBXFileReference; fileEncoding = 4; lastKnownFileType = sourcecode.c.h; path = NetworkCache.h; sourceTree = "<group>"; };
		F07591881EE44DAC001A7983 /* NetworkCache.m */ = {isa = PBXFileReference; fileEncoding = 4; lastKnownFileType = sourcecode.c.objc; path = NetworkCache.m; sourceTree = "<group>"; };
		F07591891EE44DAC001A7983 /* NetworkHelper.h */ = {isa = PBXFileReference; fileEncoding = 4; lastKnownFileType = sourcecode.c.h; path = NetworkHelper.h; sourceTree = "<group>"; };
		F075918A1EE44DAC001A7983 /* NetworkHelper.m */ = {isa = PBXFileReference; fileEncoding = 4; lastKnownFileType = sourcecode.c.objc; path = NetworkHelper.m; sourceTree = "<group>"; };
		F07591921EE44EB5001A7983 /* AppDelegate.h */ = {isa = PBXFileReference; fileEncoding = 4; lastKnownFileType = sourcecode.c.h; path = AppDelegate.h; sourceTree = "<group>"; };
		F07591941EE44EE6001A7983 /* AppDelegate.m */ = {isa = PBXFileReference; fileEncoding = 4; lastKnownFileType = sourcecode.c.objc; path = AppDelegate.m; sourceTree = "<group>"; };
		F075919D1EE4509B001A7983 /* AppDelegate+AppService.h */ = {isa = PBXFileReference; fileEncoding = 4; lastKnownFileType = sourcecode.c.h; path = "AppDelegate+AppService.h"; sourceTree = "<group>"; };
		F075919E1EE4509B001A7983 /* AppDelegate+AppService.m */ = {isa = PBXFileReference; fileEncoding = 4; lastKnownFileType = sourcecode.c.objc; path = "AppDelegate+AppService.m"; sourceTree = "<group>"; };
		F07591A11EE451D8001A7983 /* VenderMacros.h */ = {isa = PBXFileReference; lastKnownFileType = sourcecode.c.h; path = VenderMacros.h; sourceTree = "<group>"; };
		F07591C31EE454A1001A7983 /* UIColor+Change.h */ = {isa = PBXFileReference; fileEncoding = 4; lastKnownFileType = sourcecode.c.h; path = "UIColor+Change.h"; sourceTree = "<group>"; };
		F07591C41EE454A1001A7983 /* UIColor+Change.m */ = {isa = PBXFileReference; fileEncoding = 4; lastKnownFileType = sourcecode.c.objc; path = "UIColor+Change.m"; sourceTree = "<group>"; };
		F07591C51EE454A1001A7983 /* UIWebView+JavaScript.h */ = {isa = PBXFileReference; fileEncoding = 4; lastKnownFileType = sourcecode.c.h; path = "UIWebView+JavaScript.h"; sourceTree = "<group>"; };
		F07591C61EE454A1001A7983 /* UIWebView+JavaScript.m */ = {isa = PBXFileReference; fileEncoding = 4; lastKnownFileType = sourcecode.c.objc; path = "UIWebView+JavaScript.m"; sourceTree = "<group>"; };
		F07591C71EE454A1001A7983 /* Html5Utils.h */ = {isa = PBXFileReference; fileEncoding = 4; lastKnownFileType = sourcecode.c.h; path = Html5Utils.h; sourceTree = "<group>"; };
/* End PBXFileReference section */

/* Begin PBXFrameworksBuildPhase section */
		F05E4BA41ED2CC7D003BE0C4 /* Frameworks */ = {
			isa = PBXFrameworksBuildPhase;
			buildActionMask = 2147483647;
			files = (
				227DC529563D2DF5E34A2E11 /* libPods-GitDemo.a in Frameworks */,
			);
			runOnlyForDeploymentPostprocessing = 0;
		};
		F05E4BBD1ED2CC7D003BE0C4 /* Frameworks */ = {
			isa = PBXFrameworksBuildPhase;
			buildActionMask = 2147483647;
			files = (
			);
			runOnlyForDeploymentPostprocessing = 0;
		};
		F05E4BC81ED2CC7D003BE0C4 /* Frameworks */ = {
			isa = PBXFrameworksBuildPhase;
			buildActionMask = 2147483647;
			files = (
			);
			runOnlyForDeploymentPostprocessing = 0;
		};
/* End PBXFrameworksBuildPhase section */

/* Begin PBXGroup section */
		3914EA8004419CC1C1965DB6 /* Frameworks */ = {
			isa = PBXGroup;
			children = (
				F06719D11EE55454005B0FEE /* libSDWebImage.a */,
				6212831F387B68D357D948B9 /* libPods-GitDemo.a */,
			);
			name = Frameworks;
			sourceTree = "<group>";
		};
		A8ECD10019D69DD133367D5D /* Pods */ = {
			isa = PBXGroup;
			children = (
				B8824494A03C71BA2D38258A /* Pods-GitDemo.debug.xcconfig */,
				6FC7CA97D2FAAE4C5629970B /* Pods-GitDemo.release.xcconfig */,
			);
			name = Pods;
			sourceTree = "<group>";
		};
		F05E4B9E1ED2CC7D003BE0C4 = {
			isa = PBXGroup;
			children = (
				F05E4BA91ED2CC7D003BE0C4 /* GitDemo */,
				F05E4BC31ED2CC7D003BE0C4 /* GitDemoTests */,
				F05E4BCE1ED2CC7D003BE0C4 /* GitDemoUITests */,
				F05E4BA81ED2CC7D003BE0C4 /* Products */,
				A8ECD10019D69DD133367D5D /* Pods */,
				3914EA8004419CC1C1965DB6 /* Frameworks */,
			);
			sourceTree = "<group>";
		};
		F05E4BA81ED2CC7D003BE0C4 /* Products */ = {
			isa = PBXGroup;
			children = (
				F05E4BA71ED2CC7D003BE0C4 /* GitDemo.app */,
				F05E4BC01ED2CC7D003BE0C4 /* GitDemoTests.xctest */,
				F05E4BCB1ED2CC7D003BE0C4 /* GitDemoUITests.xctest */,
			);
			name = Products;
			sourceTree = "<group>";
		};
		F05E4BA91ED2CC7D003BE0C4 /* GitDemo */ = {
			isa = PBXGroup;
			children = (
				F07591911EE44EB5001A7983 /* AppDelegate */,
				F05E4BDD1ED2DA00003BE0C4 /* Base */,
				F05E4BE91ED2DA27003BE0C4 /* Main */,
				F05E4BF11ED2F080003BE0C4 /* Business */,
				F05E4BDE1ED2DA00003BE0C4 /* Define */,
				F05E4BE51ED2DA00003BE0C4 /* Resources */,
				F05E4BE81ED2DA00003BE0C4 /* Vender */,
				F07591821EE44DAC001A7983 /* Utils */,
				F05E4BF51ED2F20B003BE0C4 /* Frameworks */,
				F05E4BB01ED2CC7D003BE0C4 /* ViewController.h */,
				F05E4BB11ED2CC7D003BE0C4 /* ViewController.m */,
				F05E4BAA1ED2CC7D003BE0C4 /* Supporting Files */,
			);
			path = GitDemo;
			sourceTree = "<group>";
		};
		F05E4BAA1ED2CC7D003BE0C4 /* Supporting Files */ = {
			isa = PBXGroup;
			children = (
				F05E4BB31ED2CC7D003BE0C4 /* Main.storyboard */,
				F05E4BB61ED2CC7D003BE0C4 /* Assets.xcassets */,
				F05E4BB81ED2CC7D003BE0C4 /* LaunchScreen.storyboard */,
				F05E4BBB1ED2CC7D003BE0C4 /* Info.plist */,
				F05E4BAB1ED2CC7D003BE0C4 /* main.m */,
			);
			name = "Supporting Files";
			sourceTree = "<group>";
		};
		F05E4BC31ED2CC7D003BE0C4 /* GitDemoTests */ = {
			isa = PBXGroup;
			children = (
				F05E4BC41ED2CC7D003BE0C4 /* GitDemoTests.m */,
				F05E4BC61ED2CC7D003BE0C4 /* Info.plist */,
			);
			path = GitDemoTests;
			sourceTree = "<group>";
		};
		F05E4BCE1ED2CC7D003BE0C4 /* GitDemoUITests */ = {
			isa = PBXGroup;
			children = (
				F05E4BCF1ED2CC7D003BE0C4 /* GitDemoUITests.m */,
				F05E4BD11ED2CC7D003BE0C4 /* Info.plist */,
			);
			path = GitDemoUITests;
			sourceTree = "<group>";
		};
		F05E4BDD1ED2DA00003BE0C4 /* Base */ = {
			isa = PBXGroup;
			children = (
				F075918F1EE44E5F001A7983 /* WebViewController */,
				F075916F1EE4474F001A7983 /* NavigationController */,
				F07591701EE4474F001A7983 /* RootViewController */,
				F07591711EE4474F001A7983 /* TabBarController */,
			);
			path = Base;
			sourceTree = "<group>";
		};
		F05E4BDE1ED2DA00003BE0C4 /* Define */ = {
			isa = PBXGroup;
			children = (
				F05E4BEB1ED2DBB0003BE0C4 /* PrefixHeader.pch */,
				F05E4BEC1ED2DE0E003BE0C4 /* DefineMacro.h */,
				F05E4BED1ED2DEBA003BE0C4 /* DefineTheme.h */,
				F05E4BEE1ED2DECD003BE0C4 /* DefineRequest.h */,
				F07591A11EE451D8001A7983 /* VenderMacros.h */,
				F06718181EE54A8C005B0FEE /* NetworkErrorMacros.h */,
			);
			path = Define;
			sourceTree = "<group>";
		};
		F05E4BE51ED2DA00003BE0C4 /* Resources */ = {
			isa = PBXGroup;
			children = (
				F05E4BE61ED2DA00003BE0C4 /* Document */,
				F05E4BE71ED2DA00003BE0C4 /* Images */,
			);
			path = Resources;
			sourceTree = "<group>";
		};
		F05E4BE61ED2DA00003BE0C4 /* Document */ = {
			isa = PBXGroup;
			children = (
			);
			path = Document;
			sourceTree = "<group>";
		};
		F05E4BE71ED2DA00003BE0C4 /* Images */ = {
			isa = PBXGroup;
			children = (
			);
			path = Images;
			sourceTree = "<group>";
		};
		F05E4BE81ED2DA00003BE0C4 /* Vender */ = {
			isa = PBXGroup;
			children = (
			);
			path = Vender;
			sourceTree = "<group>";
		};
		F05E4BE91ED2DA27003BE0C4 /* Main */ = {
			isa = PBXGroup;
			children = (
				F06719E51EE55A8C005B0FEE /* Moments */,
				F07591721EE4477A001A7983 /* Home */,
				F07591731EE4477A001A7983 /* Loading */,
				F07591741EE4477A001A7983 /* Login */,
				F07591751EE4477A001A7983 /* Mine */,
			);
			path = Main;
			sourceTree = "<group>";
		};
		F05E4BF11ED2F080003BE0C4 /* Business */ = {
			isa = PBXGroup;
			children = (
				F06719ED1EE55C59005B0FEE /* NetworkAPIRecorder */,
				F07591781EE44851001A7983 /* AppManager.h */,
				F07591791EE44851001A7983 /* AppManager.m */,
				F07591771EE4483C001A7983 /* UserManager */,
			);
			path = Business;
			sourceTree = "<group>";
		};
		F05E4BF51ED2F20B003BE0C4 /* Frameworks */ = {
			isa = PBXGroup;
			children = (
			);
			path = Frameworks;
			sourceTree = "<group>";
		};
		F06719BF1EE54F70005B0FEE /* NSDate */ = {
			isa = PBXGroup;
			children = (
				F06719D31EE559A8005B0FEE /* NSDate+Category.h */,
				F06719D41EE559A8005B0FEE /* NSDate+Category.m */,
				F06719D51EE559A8005B0FEE /* NSDateFormatter+Category.h */,
				F06719D61EE559A8005B0FEE /* NSDateFormatter+Category.m */,
			);
			path = NSDate;
			sourceTree = "<group>";
		};
		F06719C41EE54F70005B0FEE /* NSString */ = {
			isa = PBXGroup;
			children = (
				F06719D91EE559B8005B0FEE /* NSString+Valid.h */,
				F06719DA1EE559B8005B0FEE /* NSString+Valid.m */,
			);
			path = NSString;
			sourceTree = "<group>";
		};
		F06719C71EE54F70005B0FEE /* UIViewController */ = {
			isa = PBXGroup;
			children = (
				F06719DC1EE559BF005B0FEE /* UIViewController+DismissKeyboard.h */,
				F06719DD1EE559BF005B0FEE /* UIViewController+DismissKeyboard.m */,
				F06719DE1EE559BF005B0FEE /* UIViewController+HUD.h */,
				F06719DF1EE559BF005B0FEE /* UIViewController+HUD.m */,
			);
			path = UIViewController;
			sourceTree = "<group>";
		};
		F06719E51EE55A8C005B0FEE /* Moments */ = {
			isa = PBXGroup;
			children = (
				F06719E61EE55AAF005B0FEE /* Manager */,
				F06719E71EE55AAF005B0FEE /* Model */,
				F06719E81EE55AAF005B0FEE /* View */,
				F06719E91EE55AAF005B0FEE /* ViewController */,
			);
			path = Moments;
			sourceTree = "<group>";
		};
		F06719E61EE55AAF005B0FEE /* Manager */ = {
			isa = PBXGroup;
			children = (
				F06719EA1EE55AC5005B0FEE /* MomentsManager.h */,
				F06719EB1EE55AC5005B0FEE /* MomentsManager.m */,
			);
			path = Manager;
			sourceTree = "<group>";
		};
		F06719E71EE55AAF005B0FEE /* Model */ = {
			isa = PBXGroup;
			children = (
			);
			path = Model;
			sourceTree = "<group>";
		};
		F06719E81EE55AAF005B0FEE /* View */ = {
			isa = PBXGroup;
			children = (
			);
			path = View;
			sourceTree = "<group>";
		};
		F06719E91EE55AAF005B0FEE /* ViewController */ = {
			isa = PBXGroup;
			children = (
			);
			path = ViewController;
			sourceTree = "<group>";
		};
		F06719ED1EE55C59005B0FEE /* NetworkAPIRecorder */ = {
			isa = PBXGroup;
			children = (
				F06719EE1EE55C65005B0FEE /* NetworkAPIRecorder.h */,
				F06719EF1EE55C65005B0FEE /* NetworkAPIRecorder.m */,
			);
			path = NetworkAPIRecorder;
			sourceTree = "<group>";
		};
		F075916F1EE4474F001A7983 /* NavigationController */ = {
			isa = PBXGroup;
			children = (
			);
			path = NavigationController;
			sourceTree = "<group>";
		};
		F07591701EE4474F001A7983 /* RootViewController */ = {
			isa = PBXGroup;
			children = (
			);
			path = RootViewController;
			sourceTree = "<group>";
		};
		F07591711EE4474F001A7983 /* TabBarController */ = {
			isa = PBXGroup;
			children = (
			);
			path = TabBarController;
			sourceTree = "<group>";
		};
		F07591721EE4477A001A7983 /* Home */ = {
			isa = PBXGroup;
			children = (
			);
			path = Home;
			sourceTree = "<group>";
		};
		F07591731EE4477A001A7983 /* Loading */ = {
			isa = PBXGroup;
			children = (
			);
			path = Loading;
			sourceTree = "<group>";
		};
		F07591741EE4477A001A7983 /* Login */ = {
			isa = PBXGroup;
			children = (
			);
			path = Login;
			sourceTree = "<group>";
		};
		F07591751EE4477A001A7983 /* Mine */ = {
			isa = PBXGroup;
			children = (
			);
			path = Mine;
			sourceTree = "<group>";
		};
		F07591771EE4483C001A7983 /* UserManager */ = {
			isa = PBXGroup;
			children = (
				F075917E1EE44878001A7983 /* UserManager.h */,
				F075917F1EE44878001A7983 /* UserManager.m */,
				F075917B1EE44865001A7983 /* UserInfo.h */,
				F075917C1EE44865001A7983 /* UserInfo.m */,
			);
			path = UserManager;
			sourceTree = "<group>";
		};
		F07591821EE44DAC001A7983 /* Utils */ = {
			isa = PBXGroup;
			children = (
				F07591831EE44DAC001A7983 /* Category */,
				F07591841EE44DAC001A7983 /* Database */,
				F07591851EE44DAC001A7983 /* DataManage */,
				F07591861EE44DAC001A7983 /* NewWork */,
				F075918B1EE44DAC001A7983 /* Others */,
				F075918C1EE44DAC001A7983 /* Tools */,
			);
			path = Utils;
			sourceTree = "<group>";
		};
		F07591831EE44DAC001A7983 /* Category */ = {
			isa = PBXGroup;
			children = (
				F06719BF1EE54F70005B0FEE /* NSDate */,
				F06719C41EE54F70005B0FEE /* NSString */,
				F06719C71EE54F70005B0FEE /* UIViewController */,
				F07591C11EE454A1001A7983 /* Html5 */,
			);
			path = Category;
			sourceTree = "<group>";
		};
		F07591841EE44DAC001A7983 /* Database */ = {
			isa = PBXGroup;
			children = (
			);
			path = Database;
			sourceTree = "<group>";
		};
		F07591851EE44DAC001A7983 /* DataManage */ = {
			isa = PBXGroup;
			children = (
			);
			path = DataManage;
			sourceTree = "<group>";
		};
		F07591861EE44DAC001A7983 /* NewWork */ = {
			isa = PBXGroup;
			children = (
				F07591871EE44DAC001A7983 /* NetworkCache.h */,
				F07591881EE44DAC001A7983 /* NetworkCache.m */,
				F07591891EE44DAC001A7983 /* NetworkHelper.h */,
				F075918A1EE44DAC001A7983 /* NetworkHelper.m */,
			);
			path = NewWork;
			sourceTree = "<group>";
		};
		F075918B1EE44DAC001A7983 /* Others */ = {
			isa = PBXGroup;
			children = (
			);
			path = Others;
			sourceTree = "<group>";
		};
		F075918C1EE44DAC001A7983 /* Tools */ = {
			isa = PBXGroup;
			children = (
				F06719E21EE559D9005B0FEE /* DateUtils.h */,
				F06719E31EE559D9005B0FEE /* DateUtils.m */,
			);
			path = Tools;
			sourceTree = "<group>";
		};
		F075918F1EE44E5F001A7983 /* WebViewController */ = {
			isa = PBXGroup;
			children = (
			);
			path = WebViewController;
			sourceTree = "<group>";
		};
		F07591911EE44EB5001A7983 /* AppDelegate */ = {
			isa = PBXGroup;
			children = (
				F07591921EE44EB5001A7983 /* AppDelegate.h */,
				F07591941EE44EE6001A7983 /* AppDelegate.m */,
				F075919D1EE4509B001A7983 /* AppDelegate+AppService.h */,
				F075919E1EE4509B001A7983 /* AppDelegate+AppService.m */,
			);
			path = AppDelegate;
			sourceTree = "<group>";
		};
		F07591C11EE454A1001A7983 /* Html5 */ = {
			isa = PBXGroup;
			children = (
				F07591C21EE454A1001A7983 /* Html5Utils */,
				F07591C71EE454A1001A7983 /* Html5Utils.h */,
			);
			path = Html5;
			sourceTree = "<group>";
		};
		F07591C21EE454A1001A7983 /* Html5Utils */ = {
			isa = PBXGroup;
			children = (
				F07591C31EE454A1001A7983 /* UIColor+Change.h */,
				F07591C41EE454A1001A7983 /* UIColor+Change.m */,
				F07591C51EE454A1001A7983 /* UIWebView+JavaScript.h */,
				F07591C61EE454A1001A7983 /* UIWebView+JavaScript.m */,
			);
			path = Html5Utils;
			sourceTree = "<group>";
		};
/* End PBXGroup section */

/* Begin PBXNativeTarget section */
		F05E4BA61ED2CC7D003BE0C4 /* GitDemo */ = {
			isa = PBXNativeTarget;
			buildConfigurationList = F05E4BD41ED2CC7D003BE0C4 /* Build configuration list for PBXNativeTarget "GitDemo" */;
			buildPhases = (
				074A2A6E24801E9A035DFD88 /* [CP] Check Pods Manifest.lock */,
				F05E4BA31ED2CC7D003BE0C4 /* Sources */,
				F05E4BA41ED2CC7D003BE0C4 /* Frameworks */,
				F05E4BA51ED2CC7D003BE0C4 /* Resources */,
				F524D9E61EE4C6500357627E /* [CP] Embed Pods Frameworks */,
				5F78A3A53EC9417029CE8842 /* [CP] Copy Pods Resources */,
			);
			buildRules = (
			);
			dependencies = (
			);
			name = GitDemo;
			productName = GitDemo;
			productReference = F05E4BA71ED2CC7D003BE0C4 /* GitDemo.app */;
			productType = "com.apple.product-type.application";
		};
		F05E4BBF1ED2CC7D003BE0C4 /* GitDemoTests */ = {
			isa = PBXNativeTarget;
			buildConfigurationList = F05E4BD71ED2CC7D003BE0C4 /* Build configuration list for PBXNativeTarget "GitDemoTests" */;
			buildPhases = (
				F05E4BBC1ED2CC7D003BE0C4 /* Sources */,
				F05E4BBD1ED2CC7D003BE0C4 /* Frameworks */,
				F05E4BBE1ED2CC7D003BE0C4 /* Resources */,
			);
			buildRules = (
			);
			dependencies = (
				F05E4BC21ED2CC7D003BE0C4 /* PBXTargetDependency */,
			);
			name = GitDemoTests;
			productName = GitDemoTests;
			productReference = F05E4BC01ED2CC7D003BE0C4 /* GitDemoTests.xctest */;
			productType = "com.apple.product-type.bundle.unit-test";
		};
		F05E4BCA1ED2CC7D003BE0C4 /* GitDemoUITests */ = {
			isa = PBXNativeTarget;
			buildConfigurationList = F05E4BDA1ED2CC7D003BE0C4 /* Build configuration list for PBXNativeTarget "GitDemoUITests" */;
			buildPhases = (
				F05E4BC71ED2CC7D003BE0C4 /* Sources */,
				F05E4BC81ED2CC7D003BE0C4 /* Frameworks */,
				F05E4BC91ED2CC7D003BE0C4 /* Resources */,
			);
			buildRules = (
			);
			dependencies = (
				F05E4BCD1ED2CC7D003BE0C4 /* PBXTargetDependency */,
			);
			name = GitDemoUITests;
			productName = GitDemoUITests;
			productReference = F05E4BCB1ED2CC7D003BE0C4 /* GitDemoUITests.xctest */;
			productType = "com.apple.product-type.bundle.ui-testing";
		};
/* End PBXNativeTarget section */

/* Begin PBXProject section */
		F05E4B9F1ED2CC7D003BE0C4 /* Project object */ = {
			isa = PBXProject;
			attributes = {
				LastUpgradeCheck = 0730;
				ORGANIZATIONNAME = "刘雪松";
				TargetAttributes = {
					F05E4BA61ED2CC7D003BE0C4 = {
						CreatedOnToolsVersion = 7.3.1;
					};
					F05E4BBF1ED2CC7D003BE0C4 = {
						CreatedOnToolsVersion = 7.3.1;
						TestTargetID = F05E4BA61ED2CC7D003BE0C4;
					};
					F05E4BCA1ED2CC7D003BE0C4 = {
						CreatedOnToolsVersion = 7.3.1;
						TestTargetID = F05E4BA61ED2CC7D003BE0C4;
					};
				};
			};
			buildConfigurationList = F05E4BA21ED2CC7D003BE0C4 /* Build configuration list for PBXProject "GitDemo" */;
			compatibilityVersion = "Xcode 3.2";
			developmentRegion = English;
			hasScannedForEncodings = 0;
			knownRegions = (
				en,
				Base,
			);
			mainGroup = F05E4B9E1ED2CC7D003BE0C4;
			productRefGroup = F05E4BA81ED2CC7D003BE0C4 /* Products */;
			projectDirPath = "";
			projectRoot = "";
			targets = (
				F05E4BA61ED2CC7D003BE0C4 /* GitDemo */,
				F05E4BBF1ED2CC7D003BE0C4 /* GitDemoTests */,
				F05E4BCA1ED2CC7D003BE0C4 /* GitDemoUITests */,
			);
		};
/* End PBXProject section */

/* Begin PBXResourcesBuildPhase section */
		F05E4BA51ED2CC7D003BE0C4 /* Resources */ = {
			isa = PBXResourcesBuildPhase;
			buildActionMask = 2147483647;
			files = (
				F05E4BBA1ED2CC7D003BE0C4 /* LaunchScreen.storyboard in Resources */,
				F05E4BB71ED2CC7D003BE0C4 /* Assets.xcassets in Resources */,
				F05E4BB51ED2CC7D003BE0C4 /* Main.storyboard in Resources */,
			);
			runOnlyForDeploymentPostprocessing = 0;
		};
		F05E4BBE1ED2CC7D003BE0C4 /* Resources */ = {
			isa = PBXResourcesBuildPhase;
			buildActionMask = 2147483647;
			files = (
			);
			runOnlyForDeploymentPostprocessing = 0;
		};
		F05E4BC91ED2CC7D003BE0C4 /* Resources */ = {
			isa = PBXResourcesBuildPhase;
			buildActionMask = 2147483647;
			files = (
			);
			runOnlyForDeploymentPostprocessing = 0;
		};
/* End PBXResourcesBuildPhase section */

/* Begin PBXShellScriptBuildPhase section */
		074A2A6E24801E9A035DFD88 /* [CP] Check Pods Manifest.lock */ = {
			isa = PBXShellScriptBuildPhase;
			buildActionMask = 2147483647;
			files = (
			);
			inputPaths = (
			);
			name = "[CP] Check Pods Manifest.lock";
			outputPaths = (
			);
			runOnlyForDeploymentPostprocessing = 0;
			shellPath = /bin/sh;
			shellScript = "diff \"${PODS_PODFILE_DIR_PATH}/Podfile.lock\" \"${PODS_ROOT}/Manifest.lock\" > /dev/null\nif [ $? != 0 ] ; then\n    # print error to STDERR\n    echo \"error: The sandbox is not in sync with the Podfile.lock. Run 'pod install' or update your CocoaPods installation.\" >&2\n    exit 1\nfi\n";
			showEnvVarsInLog = 0;
		};
		5F78A3A53EC9417029CE8842 /* [CP] Copy Pods Resources */ = {
			isa = PBXShellScriptBuildPhase;
			buildActionMask = 2147483647;
			files = (
			);
			inputPaths = (
			);
			name = "[CP] Copy Pods Resources";
			outputPaths = (
			);
			runOnlyForDeploymentPostprocessing = 0;
			shellPath = /bin/sh;
			shellScript = "\"${SRCROOT}/Pods/Target Support Files/Pods-GitDemo/Pods-GitDemo-resources.sh\"\n";
			showEnvVarsInLog = 0;
		};
		F524D9E61EE4C6500357627E /* [CP] Embed Pods Frameworks */ = {
			isa = PBXShellScriptBuildPhase;
			buildActionMask = 2147483647;
			files = (
			);
			inputPaths = (
			);
			name = "[CP] Embed Pods Frameworks";
			outputPaths = (
			);
			runOnlyForDeploymentPostprocessing = 0;
			shellPath = /bin/sh;
			shellScript = "\"${SRCROOT}/Pods/Target Support Files/Pods-GitDemo/Pods-GitDemo-frameworks.sh\"\n";
			showEnvVarsInLog = 0;
		};
/* End PBXShellScriptBuildPhase section */

/* Begin PBXSourcesBuildPhase section */
		F05E4BA31ED2CC7D003BE0C4 /* Sources */ = {
			isa = PBXSourcesBuildPhase;
			buildActionMask = 2147483647;
			files = (
				F06719E01EE559BF005B0FEE /* UIViewController+DismissKeyboard.m in Sources */,
				F05E4BB21ED2CC7D003BE0C4 /* ViewController.m in Sources */,
				F07591801EE44878001A7983 /* UserManager.m in Sources */,
				F05E4BAC1ED2CC7D003BE0C4 /* main.m in Sources */,
				F07591C81EE454A1001A7983 /* UIColor+Change.m in Sources */,
				F075919F1EE4509B001A7983 /* AppDelegate+AppService.m in Sources */,
				F075918E1EE44DAC001A7983 /* NetworkHelper.m in Sources */,
				F06719E41EE559D9005B0FEE /* DateUtils.m in Sources */,
				F06719DB1EE559B8005B0FEE /* NSString+Valid.m in Sources */,
				F06719EC1EE55AC5005B0FEE /* MomentsManager.m in Sources */,
				F07591951EE44EE6001A7983 /* AppDelegate.m in Sources */,
				F075918D1EE44DAC001A7983 /* NetworkCache.m in Sources */,
				F06719E11EE559BF005B0FEE /* UIViewController+HUD.m in Sources */,
				F06719D71EE559A8005B0FEE /* NSDate+Category.m in Sources */,
				F075917A1EE44851001A7983 /* AppManager.m in Sources */,
				F07591C91EE454A1001A7983 /* UIWebView+JavaScript.m in Sources */,
				F075917D1EE44865001A7983 /* UserInfo.m in Sources */,
				F06719D81EE559A8005B0FEE /* NSDateFormatter+Category.m in Sources */,
				F06719F01EE55C65005B0FEE /* NetworkAPIRecorder.m in Sources */,
			);
			runOnlyForDeploymentPostprocessing = 0;
		};
		F05E4BBC1ED2CC7D003BE0C4 /* Sources */ = {
			isa = PBXSourcesBuildPhase;
			buildActionMask = 2147483647;
			files = (
				F05E4BC51ED2CC7D003BE0C4 /* GitDemoTests.m in Sources */,
			);
			runOnlyForDeploymentPostprocessing = 0;
		};
		F05E4BC71ED2CC7D003BE0C4 /* Sources */ = {
			isa = PBXSourcesBuildPhase;
			buildActionMask = 2147483647;
			files = (
				F05E4BD01ED2CC7D003BE0C4 /* GitDemoUITests.m in Sources */,
			);
			runOnlyForDeploymentPostprocessing = 0;
		};
/* End PBXSourcesBuildPhase section */

/* Begin PBXTargetDependency section */
		F05E4BC21ED2CC7D003BE0C4 /* PBXTargetDependency */ = {
			isa = PBXTargetDependency;
			target = F05E4BA61ED2CC7D003BE0C4 /* GitDemo */;
			targetProxy = F05E4BC11ED2CC7D003BE0C4 /* PBXContainerItemProxy */;
		};
		F05E4BCD1ED2CC7D003BE0C4 /* PBXTargetDependency */ = {
			isa = PBXTargetDependency;
			target = F05E4BA61ED2CC7D003BE0C4 /* GitDemo */;
			targetProxy = F05E4BCC1ED2CC7D003BE0C4 /* PBXContainerItemProxy */;
		};
/* End PBXTargetDependency section */

/* Begin PBXVariantGroup section */
		F05E4BB31ED2CC7D003BE0C4 /* Main.storyboard */ = {
			isa = PBXVariantGroup;
			children = (
				F05E4BB41ED2CC7D003BE0C4 /* Base */,
			);
			name = Main.storyboard;
			sourceTree = "<group>";
		};
		F05E4BB81ED2CC7D003BE0C4 /* LaunchScreen.storyboard */ = {
			isa = PBXVariantGroup;
			children = (
				F05E4BB91ED2CC7D003BE0C4 /* Base */,
			);
			name = LaunchScreen.storyboard;
			sourceTree = "<group>";
		};
/* End PBXVariantGroup section */

/* Begin XCBuildConfiguration section */
		F05E4BD21ED2CC7D003BE0C4 /* Debug */ = {
			isa = XCBuildConfiguration;
			buildSettings = {
				ALWAYS_SEARCH_USER_PATHS = NO;
				CLANG_ANALYZER_NONNULL = YES;
				CLANG_CXX_LANGUAGE_STANDARD = "gnu++0x";
				CLANG_CXX_LIBRARY = "libc++";
				CLANG_ENABLE_MODULES = YES;
				CLANG_ENABLE_OBJC_ARC = YES;
				CLANG_WARN_BOOL_CONVERSION = YES;
				CLANG_WARN_CONSTANT_CONVERSION = YES;
				CLANG_WARN_DIRECT_OBJC_ISA_USAGE = YES_ERROR;
				CLANG_WARN_EMPTY_BODY = YES;
				CLANG_WARN_ENUM_CONVERSION = YES;
				CLANG_WARN_INT_CONVERSION = YES;
				CLANG_WARN_OBJC_ROOT_CLASS = YES_ERROR;
				CLANG_WARN_UNREACHABLE_CODE = YES;
				CLANG_WARN__DUPLICATE_METHOD_MATCH = YES;
				"CODE_SIGN_IDENTITY[sdk=iphoneos*]" = "iPhone Developer";
				COPY_PHASE_STRIP = NO;
				DEBUG_INFORMATION_FORMAT = dwarf;
				ENABLE_STRICT_OBJC_MSGSEND = YES;
				ENABLE_TESTABILITY = YES;
				GCC_C_LANGUAGE_STANDARD = gnu99;
				GCC_DYNAMIC_NO_PIC = NO;
				GCC_NO_COMMON_BLOCKS = YES;
				GCC_OPTIMIZATION_LEVEL = 0;
				GCC_PREPROCESSOR_DEFINITIONS = (
					"DEBUG=1",
					"$(inherited)",
				);
				GCC_WARN_64_TO_32_BIT_CONVERSION = YES;
				GCC_WARN_ABOUT_RETURN_TYPE = YES_ERROR;
				GCC_WARN_UNDECLARED_SELECTOR = YES;
				GCC_WARN_UNINITIALIZED_AUTOS = YES_AGGRESSIVE;
				GCC_WARN_UNUSED_FUNCTION = YES;
				GCC_WARN_UNUSED_VARIABLE = YES;
				IPHONEOS_DEPLOYMENT_TARGET = 9.3;
				MTL_ENABLE_DEBUG_INFO = YES;
				ONLY_ACTIVE_ARCH = YES;
				SDKROOT = iphoneos;
			};
			name = Debug;
		};
		F05E4BD31ED2CC7D003BE0C4 /* Release */ = {
			isa = XCBuildConfiguration;
			buildSettings = {
				ALWAYS_SEARCH_USER_PATHS = NO;
				CLANG_ANALYZER_NONNULL = YES;
				CLANG_CXX_LANGUAGE_STANDARD = "gnu++0x";
				CLANG_CXX_LIBRARY = "libc++";
				CLANG_ENABLE_MODULES = YES;
				CLANG_ENABLE_OBJC_ARC = YES;
				CLANG_WARN_BOOL_CONVERSION = YES;
				CLANG_WARN_CONSTANT_CONVERSION = YES;
				CLANG_WARN_DIRECT_OBJC_ISA_USAGE = YES_ERROR;
				CLANG_WARN_EMPTY_BODY = YES;
				CLANG_WARN_ENUM_CONVERSION = YES;
				CLANG_WARN_INT_CONVERSION = YES;
				CLANG_WARN_OBJC_ROOT_CLASS = YES_ERROR;
				CLANG_WARN_UNREACHABLE_CODE = YES;
				CLANG_WARN__DUPLICATE_METHOD_MATCH = YES;
				"CODE_SIGN_IDENTITY[sdk=iphoneos*]" = "iPhone Developer";
				COPY_PHASE_STRIP = NO;
				DEBUG_INFORMATION_FORMAT = "dwarf-with-dsym";
				ENABLE_NS_ASSERTIONS = NO;
				ENABLE_STRICT_OBJC_MSGSEND = YES;
				GCC_C_LANGUAGE_STANDARD = gnu99;
				GCC_NO_COMMON_BLOCKS = YES;
				GCC_WARN_64_TO_32_BIT_CONVERSION = YES;
				GCC_WARN_ABOUT_RETURN_TYPE = YES_ERROR;
				GCC_WARN_UNDECLARED_SELECTOR = YES;
				GCC_WARN_UNINITIALIZED_AUTOS = YES_AGGRESSIVE;
				GCC_WARN_UNUSED_FUNCTION = YES;
				GCC_WARN_UNUSED_VARIABLE = YES;
				IPHONEOS_DEPLOYMENT_TARGET = 9.3;
				MTL_ENABLE_DEBUG_INFO = NO;
				SDKROOT = iphoneos;
				VALIDATE_PRODUCT = YES;
			};
			name = Release;
		};
		F05E4BD51ED2CC7D003BE0C4 /* Debug */ = {
			isa = XCBuildConfiguration;
			baseConfigurationReference = B8824494A03C71BA2D38258A /* Pods-GitDemo.debug.xcconfig */;
			buildSettings = {
				ASSETCATALOG_COMPILER_APPICON_NAME = AppIcon;
				FRAMEWORK_SEARCH_PATHS = "$(inherited)";
				GCC_PRECOMPILE_PREFIX_HEADER = YES;
				GCC_PREFIX_HEADER = "$(SRCROOT)/GitDemo/Define/PrefixHeader.pch";
				INFOPLIST_FILE = GitDemo/Info.plist;
				IPHONEOS_DEPLOYMENT_TARGET = 8.0;
				LD_RUNPATH_SEARCH_PATHS = "$(inherited) @executable_path/Frameworks";
				LIBRARY_SEARCH_PATHS = "$(inherited)";
				PRODUCT_BUNDLE_IDENTIFIER = liuxs.GitDemo;
				PRODUCT_NAME = "$(TARGET_NAME)";
				VALID_ARCHS = "arm64 armv7 armv7s i386";
			};
			name = Debug;
		};
		F05E4BD61ED2CC7D003BE0C4 /* Release */ = {
			isa = XCBuildConfiguration;
			baseConfigurationReference = 6FC7CA97D2FAAE4C5629970B /* Pods-GitDemo.release.xcconfig */;
			buildSettings = {
				ASSETCATALOG_COMPILER_APPICON_NAME = AppIcon;
				FRAMEWORK_SEARCH_PATHS = "$(inherited)";
				GCC_PRECOMPILE_PREFIX_HEADER = YES;
				GCC_PREFIX_HEADER = "$(SRCROOT)/GitDemo/Define/PrefixHeader.pch";
				INFOPLIST_FILE = GitDemo/Info.plist;
				IPHONEOS_DEPLOYMENT_TARGET = 8.0;
				LD_RUNPATH_SEARCH_PATHS = "$(inherited) @executable_path/Frameworks";
				LIBRARY_SEARCH_PATHS = "$(inherited)";
				PRODUCT_BUNDLE_IDENTIFIER = liuxs.GitDemo;
				PRODUCT_NAME = "$(TARGET_NAME)";
				VALID_ARCHS = "arm64 armv7 armv7s i386";
			};
			name = Release;
		};
		F05E4BD81ED2CC7D003BE0C4 /* Debug */ = {
			isa = XCBuildConfiguration;
			buildSettings = {
				BUNDLE_LOADER = "$(TEST_HOST)";
				INFOPLIST_FILE = GitDemoTests/Info.plist;
				LD_RUNPATH_SEARCH_PATHS = "$(inherited) @executable_path/Frameworks @loader_path/Frameworks";
				PRODUCT_BUNDLE_IDENTIFIER = liuxs.GitDemoTests;
				PRODUCT_NAME = "$(TARGET_NAME)";
				TEST_HOST = "$(BUILT_PRODUCTS_DIR)/GitDemo.app/GitDemo";
			};
			name = Debug;
		};
		F05E4BD91ED2CC7D003BE0C4 /* Release */ = {
			isa = XCBuildConfiguration;
			buildSettings = {
				BUNDLE_LOADER = "$(TEST_HOST)";
				INFOPLIST_FILE = GitDemoTests/Info.plist;
				LD_RUNPATH_SEARCH_PATHS = "$(inherited) @executable_path/Frameworks @loader_path/Frameworks";
				PRODUCT_BUNDLE_IDENTIFIER = liuxs.GitDemoTests;
				PRODUCT_NAME = "$(TARGET_NAME)";
				TEST_HOST = "$(BUILT_PRODUCTS_DIR)/GitDemo.app/GitDemo";
			};
			name = Release;
		};
		F05E4BDB1ED2CC7D003BE0C4 /* Debug */ = {
			isa = XCBuildConfiguration;
			buildSettings = {
				INFOPLIST_FILE = GitDemoUITests/Info.plist;
				LD_RUNPATH_SEARCH_PATHS = "$(inherited) @executable_path/Frameworks @loader_path/Frameworks";
				PRODUCT_BUNDLE_IDENTIFIER = liuxs.GitDemoUITests;
				PRODUCT_NAME = "$(TARGET_NAME)";
				TEST_TARGET_NAME = GitDemo;
			};
			name = Debug;
		};
		F05E4BDC1ED2CC7D003BE0C4 /* Release */ = {
			isa = XCBuildConfiguration;
			buildSettings = {
				INFOPLIST_FILE = GitDemoUITests/Info.plist;
				LD_RUNPATH_SEARCH_PATHS = "$(inherited) @executable_path/Frameworks @loader_path/Frameworks";
				PRODUCT_BUNDLE_IDENTIFIER = liuxs.GitDemoUITests;
				PRODUCT_NAME = "$(TARGET_NAME)";
				TEST_TARGET_NAME = GitDemo;
			};
			name = Release;
		};
/* End XCBuildConfiguration section */

/* Begin XCConfigurationList section */
		F05E4BA21ED2CC7D003BE0C4 /* Build configuration list for PBXProject "GitDemo" */ = {
			isa = XCConfigurationList;
			buildConfigurations = (
				F05E4BD21ED2CC7D003BE0C4 /* Debug */,
				F05E4BD31ED2CC7D003BE0C4 /* Release */,
			);
			defaultConfigurationIsVisible = 0;
			defaultConfigurationName = Release;
		};
		F05E4BD41ED2CC7D003BE0C4 /* Build configuration list for PBXNativeTarget "GitDemo" */ = {
			isa = XCConfigurationList;
			buildConfigurations = (
				F05E4BD51ED2CC7D003BE0C4 /* Debug */,
				F05E4BD61ED2CC7D003BE0C4 /* Release */,
			);
			defaultConfigurationIsVisible = 0;
			defaultConfigurationName = Release;
		};
		F05E4BD71ED2CC7D003BE0C4 /* Build configuration list for PBXNativeTarget "GitDemoTests" */ = {
			isa = XCConfigurationList;
			buildConfigurations = (
				F05E4BD81ED2CC7D003BE0C4 /* Debug */,
				F05E4BD91ED2CC7D003BE0C4 /* Release */,
			);
			defaultConfigurationIsVisible = 0;
			defaultConfigurationName = Release;
		};
		F05E4BDA1ED2CC7D003BE0C4 /* Build configuration list for PBXNativeTarget "GitDemoUITests" */ = {
			isa = XCConfigurationList;
			buildConfigurations = (
				F05E4BDB1ED2CC7D003BE0C4 /* Debug */,
				F05E4BDC1ED2CC7D003BE0C4 /* Release */,
			);
			defaultConfigurationIsVisible = 0;
			defaultConfigurationName = Release;
		};
/* End XCConfigurationList section */
	};
	rootObject = F05E4B9F1ED2CC7D003BE0C4 /* Project object */;
}
